// !$*UTF8*$!
{
	archiveVersion = 1;
	classes = {
	};
	objectVersion = 46;
	objects = {

/* Begin PBXBuildFile section */
		A91BF7C31C604F18008D6B86 /* AppDelegate.swift in Sources */ = {isa = PBXBuildFile; fileRef = A91BF7C21C604F18008D6B86 /* AppDelegate.swift */; };
		A91BF7C51C604F18008D6B86 /* ViewController.swift in Sources */ = {isa = PBXBuildFile; fileRef = A91BF7C41C604F18008D6B86 /* ViewController.swift */; };
		A91BF7C81C604F18008D6B86 /* Main.storyboard in Resources */ = {isa = PBXBuildFile; fileRef = A91BF7C61C604F18008D6B86 /* Main.storyboard */; };
		A91BF7CA1C604F18008D6B86 /* Assets.xcassets in Resources */ = {isa = PBXBuildFile; fileRef = A91BF7C91C604F18008D6B86 /* Assets.xcassets */; };
		A91BF7CD1C604F18008D6B86 /* LaunchScreen.storyboard in Resources */ = {isa = PBXBuildFile; fileRef = A91BF7CB1C604F18008D6B86 /* LaunchScreen.storyboard */; };
/* End PBXBuildFile section */

/* Begin PBXFileReference section */
		A91BF7BF1C604F18008D6B86 /* SuperDrool.app */ = {isa = PBXFileReference; explicitFileType = wrapper.application; includeInIndex = 0; path = SuperDrool.app; sourceTree = BUILT_PRODUCTS_DIR; };
		A91BF7C21C604F18008D6B86 /* AppDelegate.swift */ = {isa = PBXFileReference; lastKnownFileType = sourcecode.swift; path = AppDelegate.swift; sourceTree = "<group>"; };
		A91BF7C41C604F18008D6B86 /* ViewController.swift */ = {isa = PBXFileReference; lastKnownFileType = sourcecode.swift; path = ViewController.swift; sourceTree = "<group>"; };
		A91BF7C71C604F18008D6B86 /* Base */ = {isa = PBXFileReference; lastKnownFileType = file.storyboard; name = Base; path = Base.lproj/Main.storyboard; sourceTree = "<group>"; };
		A91BF7C91C604F18008D6B86 /* Assets.xcassets */ = {isa = PBXFileReference; lastKnownFileType = folder.assetcatalog; path = Assets.xcassets; sourceTree = "<group>"; };
		A91BF7CC1C604F18008D6B86 /* Base */ = {isa = PBXFileReference; lastKnownFileType = file.storyboard; name = Base; path = Base.lproj/LaunchScreen.storyboard; sourceTree = "<group>"; };
		A91BF7CE1C604F18008D6B86 /* Info.plist */ = {isa = PBXFileReference; lastKnownFileType = text.plist.xml; path = Info.plist; sourceTree = "<group>"; };
/* End PBXFileReference section */

/* Begin PBXFrameworksBuildPhase section */
		A91BF7BC1C604F18008D6B86 /* Frameworks */ = {
			isa = PBXFrameworksBuildPhase;
			buildActionMask = 2147483647;
			files = (
			);
			runOnlyForDeploymentPostprocessing = 0;
		};
/* End PBXFrameworksBuildPhase section */

/* Begin PBXGroup section */
		A91BF7B61C604F18008D6B86 = {
			isa = PBXGroup;
			children = (
				A91BF7C11C604F18008D6B86 /* SuperDrool */,
				A91BF7C01C604F18008D6B86 /* Products */,
			);
			sourceTree = "<group>";
		};
		A91BF7C01C604F18008D6B86 /* Products */ = {
			isa = PBXGroup;
			children = (
				A91BF7BF1C604F18008D6B86 /* SuperDrool.app */,
			);
			name = Products;
			sourceTree = "<group>";
		};
		A91BF7C11C604F18008D6B86 /* SuperDrool */ = {
			isa = PBXGroup;
			children = (
				A91BF7C21C604F18008D6B86 /* AppDelegate.swift */,
				A91BF7C41C604F18008D6B86 /* ViewController.swift */,
				A91BF7C61C604F18008D6B86 /* Main.storyboard */,
				A91BF7C91C604F18008D6B86 /* Assets.xcassets */,
				A91BF7CB1C604F18008D6B86 /* LaunchScreen.storyboard */,
				A91BF7CE1C604F18008D6B86 /* Info.plist */,
			);
			path = SuperDrool;
			sourceTree = "<group>";
		};
/* End PBXGroup section */

/* Begin PBXNativeTarget section */
		A91BF7BE1C604F18008D6B86 /* SuperDrool */ = {
			isa = PBXNativeTarget;
			buildConfigurationList = A91BF7D11C604F18008D6B86 /* Build configuration list for PBXNativeTarget "SuperDrool" */;
			buildPhases = (
				A91BF7BB1C604F18008D6B86 /* Sources */,
				A91BF7BC1C604F18008D6B86 /* Frameworks */,
				A91BF7BD1C604F18008D6B86 /* Resources */,
			);
			buildRules = (
			);
			dependencies = (
			);
			name = SuperDrool;
			productName = SuperDrool;
			productReference = A91BF7BF1C604F18008D6B86 /* SuperDrool.app */;
			productType = "com.apple.product-type.application";
		};
/* End PBXNativeTarget section */

/* Begin PBXProject section */
		A91BF7B71C604F18008D6B86 /* Project object */ = {
			isa = PBXProject;
			attributes = {
				LastSwiftUpdateCheck = 0720;
				LastUpgradeCheck = 0720;
				ORGANIZATIONNAME = "Kevin Vera";
				TargetAttributes = {
					A91BF7BE1C604F18008D6B86 = {
						CreatedOnToolsVersion = 7.2;
					};
				};
			};
			buildConfigurationList = A91BF7BA1C604F18008D6B86 /* Build configuration list for PBXProject "SuperDrool" */;
			compatibilityVersion = "Xcode 3.2";
			developmentRegion = English;
			hasScannedForEncodings = 0;
			knownRegions = (
				en,
				Base,
			);
			mainGroup = A91BF7B61C604F18008D6B86;
			productRefGroup = A91BF7C01C604F18008D6B86 /* Products */;
			projectDirPath = "";
			projectRoot = "";
			targets = (
				A91BF7BE1C604F18008D6B86 /* SuperDrool */,
			);
		};
/* End PBXProject section */

/* Begin PBXResourcesBuildPhase section */
		A91BF7BD1C604F18008D6B86 /* Resources */ = {
			isa = PBXResourcesBuildPhase;
			buildActionMask = 2147483647;
			files = (
				A91BF7CD1C604F18008D6B86 /* LaunchScreen.storyboard in Resources */,
				A91BF7CA1C604F18008D6B86 /* Assets.xcassets in Resources */,
				A91BF7C81C604F18008D6B86 /* Main.storyboard in Resources */,
			);
			runOnlyForDeploymentPostprocessing = 0;
		};
/* End PBXResourcesBuildPhase section */

/* Begin PBXSourcesBuildPhase section */
		A91BF7BB1C604F18008D6B86 /* Sources */ = {
			isa = PBXSourcesBuildPhase;
			buildActionMask = 2147483647;
			files = (
				A91BF7C51C604F18008D6B86 /* ViewController.swift in Sources */,
				A91BF7C31C604F18008D6B86 /* AppDelegate.swift in Sources */,
			);
			runOnlyForDeploymentPostprocessing = 0;
		};
/* End PBXSourcesBuildPhase section */

/* Begin PBXVariantGroup section */
		A91BF7C61C604F18008D6B86 /* Main.storyboard */ = {
			isa = PBXVariantGroup;
			children = (
				A91BF7C71C604F18008D6B86 /* Base */,
			);
			name = Main.storyboard;
			sourceTree = "<group>";
		};
		A91BF7CB1C604F18008D6B86 /* LaunchScreen.storyboard */ = {
			isa = PBXVariantGroup;
			children = (
				A91BF7CC1C604F18008D6B86 /* Base */,
			);
			name = LaunchScreen.storyboard;
			sourceTree = "<group>";
		};
/* End PBXVariantGroup section */

/* Begin XCBuildConfiguration section */
		A91BF7CF1C604F18008D6B86 /* Debug */ = {
			isa = XCBuildConfiguration;
			buildSettings = {
				ALWAYS_SEARCH_USER_PATHS = NO;
				CLANG_CXX_LANGUAGE_STANDARD = "gnu++0x";
				CLANG_CXX_LIBRARY = "libc++";
				CLANG_ENABLE_MODULES = YES;
				CLANG_ENABLE_OBJC_ARC = YES;
				CLANG_WARN_BOOL_CONVERSION = YES;
				CLANG_WARN_CONSTANT_CONVERSION = YES;
				CLANG_WARN_DIRECT_OBJC_ISA_USAGE = YES_ERROR;
				CLANG_WARN_EMPTY_BODY = YES;
				CLANG_WARN_ENUM_CONVERSION = YES;
				CLANG_WARN_INT_CONVERSION = YES;
				CLANG_WARN_OBJC_ROOT_CLASS = YES_ERROR;
				CLANG_WARN_UNREACHABLE_CODE = YES;
				CLANG_WARN__DUPLICATE_METHOD_MATCH = YES;
				"CODE_SIGN_IDENTITY[sdk=iphoneos*]" = "iPhone Developer";
				COPY_PHASE_STRIP = NO;
				DEBUG_INFORMATION_FORMAT = dwarf;
				ENABLE_STRICT_OBJC_MSGSEND = YES;
				ENABLE_TESTABILITY = YES;
				GCC_C_LANGUAGE_STANDARD = gnu99;
				GCC_DYNAMIC_NO_PIC = NO;
				GCC_NO_COMMON_BLOCKS = YES;
				GCC_OPTIMIZATION_LEVEL = 0;
				GCC_PREPROCESSOR_DEFINITIONS = (
					"DEBUG=1",
					"$(inherited)",
				);
				GCC_WARN_64_TO_32_BIT_CONVERSION = YES;
				GCC_WARN_ABOUT_RETURN_TYPE = YES_ERROR;
				GCC_WARN_UNDECLARED_SELECTOR = YES;
				GCC_WARN_UNINITIALIZED_AUTOS = YES_AGGRESSIVE;
				GCC_WARN_UNUSED_FUNCTION = YES;
				GCC_WARN_UNUSED_VARIABLE = YES;
				IPHONEOS_DEPLOYMENT_TARGET = 9.2;
				MTL_ENABLE_DEBUG_INFO = YES;
				ONLY_ACTIVE_ARCH = YES;
				SDKROOT = iphoneos;
				SWIFT_OPTIMIZATION_LEVEL = "-Onone";
			};
			name = Debug;
		};
		A91BF7D01C604F18008D6B86 /* Release */ = {
			isa = XCBuildConfiguration;
			buildSettings = {
				ALWAYS_SEARCH_USER_PATHS = NO;
				CLANG_CXX_LANGUAGE_STANDARD = "gnu++0x";
				CLANG_CXX_LIBRARY = "libc++";
				CLANG_ENABLE_MODULES = YES;
				CLANG_ENABLE_OBJC_ARC = YES;
				CLANG_WARN_BOOL_CONVERSION = YES;
				CLANG_WARN_CONSTANT_CONVERSION = YES;
				CLANG_WARN_DIRECT_OBJC_ISA_USAGE = YES_ERROR;
				CLANG_WARN_EMPTY_BODY = YES;
				CLANG_WARN_ENUM_CONVERSION = YES;
				CLANG_WARN_INT_CONVERSION = YES;
				CLANG_WARN_OBJC_ROOT_CLASS = YES_ERROR;
				CLANG_WARN_UNREACHABLE_CODE = YES;
				CLANG_WARN__DUPLICATE_METHOD_MATCH = YES;
				"CODE_SIGN_IDENTITY[sdk=iphoneos*]" = "iPhone Developer";
				COPY_PHASE_STRIP = NO;
				DEBUG_INFORMATION_FORMAT = "dwarf-with-dsym";
				ENABLE_NS_ASSERTIONS = NO;
				ENABLE_STRICT_OBJC_MSGSEND = YES;
				GCC_C_LANGUAGE_STANDARD = gnu99;
				GCC_NO_COMMON_BLOCKS = YES;
				GCC_WARN_64_TO_32_BIT_CONVERSION = YES;
				GCC_WARN_ABOUT_RETURN_TYPE = YES_ERROR;
				GCC_WARN_UNDECLARED_SELECTOR = YES;
				GCC_WARN_UNINITIALIZED_AUTOS = YES_AGGRESSIVE;
				GCC_WARN_UNUSED_FUNCTION = YES;
				GCC_WARN_UNUSED_VARIABLE = YES;
				IPHONEOS_DEPLOYMENT_TARGET = 9.2;
				MTL_ENABLE_DEBUG_INFO = NO;
				SDKROOT = iphoneos;
				VALIDATE_PRODUCT = YES;
			};
			name = Release;
		};
		A91BF7D21C604F18008D6B86 /* Debug */ = {
			isa = XCBuildConfiguration;
			buildSettings = {
				ASSETCATALOG_COMPILER_APPICON_NAME = AppIcon;
				INFOPLIST_FILE = SuperDrool/Info.plist;
				LD_RUNPATH_SEARCH_PATHS = "$(inherited) @executable_path/Frameworks";
				PRODUCT_BUNDLE_IDENTIFIER = com.KevinVera.SuperDrool;
				PRODUCT_NAME = "$(TARGET_NAME)";
			};
			name = Debug;
		};
		A91BF7D31C604F18008D6B86 /* Release */ = {
			isa = XCBuildConfiguration;
			buildSettings = {
				ASSETCATALOG_COMPILER_APPICON_NAME = AppIcon;
				INFOPLIST_FILE = SuperDrool/Info.plist;
				LD_RUNPATH_SEARCH_PATHS = "$(inherited) @executable_path/Frameworks";
				PRODUCT_BUNDLE_IDENTIFIER = com.KevinVera.SuperDrool;
				PRODUCT_NAME = "$(TARGET_NAME)";
			};
			name = Release;
		};
/* End XCBuildConfiguration section */

/* Begin XCConfigurationList section */
		A91BF7BA1C604F18008D6B86 /* Build configuration list for PBXProject "SuperDrool" */ = {
			isa = XCConfigurationList;
			buildConfigurations = (
				A91BF7CF1C604F18008D6B86 /* Debug */,
				A91BF7D01C604F18008D6B86 /* Release */,
			);
			defaultConfigurationIsVisible = 0;
			defaultConfigurationName = Release;
		};
		A91BF7D11C604F18008D6B86 /* Build configuration list for PBXNativeTarget "SuperDrool" */ = {
			isa = XCConfigurationList;
			buildConfigurations = (
				A91BF7D21C604F18008D6B86 /* Debug */,
				A91BF7D31C604F18008D6B86 /* Release */,
			);
			defaultConfigurationIsVisible = 0;
		};
/* End XCConfigurationList section */
	};
	rootObject = A91BF7B71C604F18008D6B86 /* Project object */;
}
